
Microsoft Visual Studio Solution File, Format Version 12.00
# Visual Studio Version 17
VisualStudioVersion = 17.14.36221.1
MinimumVisualStudioVersion = 10.0.40219.1
Project("{F184B08F-C81C-45F6-A57F-5ABD9991F28F}") = "CMS_VBNet3.5", "CMS_VBNet3.5\CMS_VBNet3.5.vbproj", "{A170A29D-26BC-477D-8363-5858DB9DBAE1}"
EndProject
Global
	GlobalSection(SolutionConfigurationPlatforms) = preSolution
		Debug|Any CPU = Debug|Any CPU
		Debug|x86 = Debug|x86
		Release|Any CPU = Release|Any CPU
		Release|x86 = Release|x86
	EndGlobalSection
	GlobalSection(ProjectConfigurationPlatforms) = postSolution
		{A170A29D-26BC-477D-8363-5858DB9DBAE1}.Debug|Any CPU.ActiveCfg = Debug|Any CPU
		{A170A29D-26BC-477D-8363-5858DB9DBAE1}.Debug|Any CPU.Build.0 = Debug|Any CPU
		{A170A29D-26BC-477D-8363-5858DB9DBAE1}.Debug|x86.ActiveCfg = Debug|Any CPU
		{A170A29D-26BC-477D-8363-5858DB9DBAE1}.Debug|x86.Build.0 = Debug|Any CPU
		{A170A29D-26BC-477D-8363-5858DB9DBAE1}.Release|Any CPU.ActiveCfg = Release|Any CPU
		{A170A29D-26BC-477D-8363-5858DB9DBAE1}.Release|Any CPU.Build.0 = Release|Any CPU
		{A170A29D-26BC-477D-8363-5858DB9DBAE1}.Release|x86.ActiveCfg = Release|Any CPU
		{A170A29D-26BC-477D-8363-5858DB9DBAE1}.Release|x86.Build.0 = Release|Any CPU
	EndGlobalSection
	GlobalSection(SolutionProperties) = preSolution
		HideSolutionNode = FALSE
	EndGlobalSection
	GlobalSection(ExtensibilityGlobals) = postSolution
		SolutionGuid = {B13C1798-6C8A-4875-A3BE-610447AC23FA}
	EndGlobalSection
EndGlobal
